version = 1
revision = 3
requires-python = ">=3.12"

[[package]]
name = "ruff"
version = "0.13.3"
source = { registry = "https://pypi.org/simple" }
sdist = { url = "https://files.pythonhosted.org/packages/c7/8e/f9f9ca747fea8e3ac954e3690d4698c9737c23b51731d02df999c150b1c9/ruff-0.13.3.tar.gz", hash = "sha256:5b0ba0db740eefdfbcce4299f49e9eaefc643d4d007749d77d047c2bab19908e", size = 5438533, upload-time = "2025-10-02T19:29:31.582Z" }
wheels = [
    { url = "https://files.pythonhosted.org/packages/d2/33/8f7163553481466a92656d35dea9331095122bb84cf98210bef597dd2ecd/ruff-0.13.3-py3-none-linux_armv6l.whl", hash = "sha256:311860a4c5e19189c89d035638f500c1e191d283d0cc2f1600c8c80d6dcd430c", size = 12484040, upload-time = "2025-10-02T19:28:49.199Z" },
    { url = "https://files.pythonhosted.org/packages/b0/b5/4a21a4922e5dd6845e91896b0d9ef493574cbe061ef7d00a73c61db531af/ruff-0.13.3-py3-none-macosx_10_12_x86_64.whl", hash = "sha256:2bdad6512fb666b40fcadb65e33add2b040fc18a24997d2e47fee7d66f7fcae2", size = 13122975, upload-time = "2025-10-02T19:28:52.446Z" },
    { url = "https://files.pythonhosted.org/packages/40/90/15649af836d88c9f154e5be87e64ae7d2b1baa5a3ef317cb0c8fafcd882d/ruff-0.13.3-py3-none-macosx_11_0_arm64.whl", hash = "sha256:fc6fa4637284708d6ed4e5e970d52fc3b76a557d7b4e85a53013d9d201d93286", size = 12346621, upload-time = "2025-10-02T19:28:54.712Z" },
    { url = "https://files.pythonhosted.org/packages/a5/42/bcbccb8141305f9a6d3f72549dd82d1134299177cc7eaf832599700f95a7/ruff-0.13.3-py3-none-manylinux_2_17_aarch64.manylinux2014_aarch64.whl", hash = "sha256:1c9e6469864f94a98f412f20ea143d547e4c652f45e44f369d7b74ee78185838", size = 12574408, upload-time = "2025-10-02T19:28:56.679Z" },
    { url = "https://files.pythonhosted.org/packages/ce/19/0f3681c941cdcfa2d110ce4515624c07a964dc315d3100d889fcad3bfc9e/ruff-0.13.3-py3-none-manylinux_2_17_armv7l.manylinux2014_armv7l.whl", hash = "sha256:5bf62b705f319476c78891e0e97e965b21db468b3c999086de8ffb0d40fd2822", size = 12285330, upload-time = "2025-10-02T19:28:58.79Z" },
    { url = "https://files.pythonhosted.org/packages/10/f8/387976bf00d126b907bbd7725219257feea58650e6b055b29b224d8cb731/ruff-0.13.3-py3-none-manylinux_2_17_i686.manylinux2014_i686.whl", hash = "sha256:78cc1abed87ce40cb07ee0667ce99dbc766c9f519eabfd948ed87295d8737c60", size = 13980815, upload-time = "2025-10-02T19:29:01.577Z" },
    { url = "https://files.pythonhosted.org/packages/0c/a6/7c8ec09d62d5a406e2b17d159e4817b63c945a8b9188a771193b7e1cc0b5/ruff-0.13.3-py3-none-manylinux_2_17_ppc64.manylinux2014_ppc64.whl", hash = "sha256:4fb75e7c402d504f7a9a259e0442b96403fa4a7310ffe3588d11d7e170d2b1e3", size = 14987733, upload-time = "2025-10-02T19:29:04.036Z" },
    { url = "https://files.pythonhosted.org/packages/97/e5/f403a60a12258e0fd0c2195341cfa170726f254c788673495d86ab5a9a9d/ruff-0.13.3-py3-none-manylinux_2_17_ppc64le.manylinux2014_ppc64le.whl", hash = "sha256:17b951f9d9afb39330b2bdd2dd144ce1c1335881c277837ac1b50bfd99985ed3", size = 14439848, upload-time = "2025-10-02T19:29:06.684Z" },
    { url = "https://files.pythonhosted.org/packages/39/49/3de381343e89364c2334c9f3268b0349dc734fc18b2d99a302d0935c8345/ruff-0.13.3-py3-none-manylinux_2_17_s390x.manylinux2014_s390x.whl", hash = "sha256:6052f8088728898e0a449f0dde8fafc7ed47e4d878168b211977e3e7e854f662", size = 13421890, upload-time = "2025-10-02T19:29:08.767Z" },
    { url = "https://files.pythonhosted.org/packages/ab/b5/c0feca27d45ae74185a6bacc399f5d8920ab82df2d732a17213fb86a2c4c/ruff-0.13.3-py3-none-manylinux_2_17_x86_64.manylinux2014_x86_64.whl", hash = "sha256:dc742c50f4ba72ce2a3be362bd359aef7d0d302bf7637a6f942eaa763bd292af", size = 13444870, upload-time = "2025-10-02T19:29:11.234Z" },
    { url = "https://files.pythonhosted.org/packages/50/a1/b655298a1f3fda4fdc7340c3f671a4b260b009068fbeb3e4e151e9e3e1bf/ruff-0.13.3-py3-none-manylinux_2_31_riscv64.whl", hash = "sha256:8e5640349493b378431637019366bbd73c927e515c9c1babfea3e932f5e68e1d", size = 13691599, upload-time = "2025-10-02T19:29:13.353Z" },
    { url = "https://files.pythonhosted.org/packages/32/b0/a8705065b2dafae007bcae21354e6e2e832e03eb077bb6c8e523c2becb92/ruff-0.13.3-py3-none-musllinux_1_2_aarch64.whl", hash = "sha256:6b139f638a80eae7073c691a5dd8d581e0ba319540be97c343d60fb12949c8d0", size = 12421893, upload-time = "2025-10-02T19:29:15.668Z" },
    { url = "https://files.pythonhosted.org/packages/0d/1e/cbe7082588d025cddbb2f23e6dfef08b1a2ef6d6f8328584ad3015b5cebd/ruff-0.13.3-py3-none-musllinux_1_2_armv7l.whl", hash = "sha256:6b547def0a40054825de7cfa341039ebdfa51f3d4bfa6a0772940ed351d2746c", size = 12267220, upload-time = "2025-10-02T19:29:17.583Z" },
    { url = "https://files.pythonhosted.org/packages/a5/99/4086f9c43f85e0755996d09bdcb334b6fee9b1eabdf34e7d8b877fadf964/ruff-0.13.3-py3-none-musllinux_1_2_i686.whl", hash = "sha256:9cc48a3564423915c93573f1981d57d101e617839bef38504f85f3677b3a0a3e", size = 13177818, upload-time = "2025-10-02T19:29:19.943Z" },
    { url = "https://files.pythonhosted.org/packages/9b/de/7b5db7e39947d9dc1c5f9f17b838ad6e680527d45288eeb568e860467010/ruff-0.13.3-py3-none-musllinux_1_2_x86_64.whl", hash = "sha256:1a993b17ec03719c502881cb2d5f91771e8742f2ca6de740034433a97c561989", size = 13618715, upload-time = "2025-10-02T19:29:22.527Z" },
    { url = "https://files.pythonhosted.org/packages/28/d3/bb25ee567ce2f61ac52430cf99f446b0e6d49bdfa4188699ad005fdd16aa/ruff-0.13.3-py3-none-win32.whl", hash = "sha256:f14e0d1fe6460f07814d03c6e32e815bff411505178a1f539a38f6097d3e8ee3", size = 12334488, upload-time = "2025-10-02T19:29:24.782Z" },
    { url = "https://files.pythonhosted.org/packages/cf/49/12f5955818a1139eed288753479ba9d996f6ea0b101784bb1fe6977ec128/ruff-0.13.3-py3-none-win_amd64.whl", hash = "sha256:621e2e5812b691d4f244638d693e640f188bacbb9bc793ddd46837cea0503dd2", size = 13455262, upload-time = "2025-10-02T19:29:26.882Z" },
    { url = "https://files.pythonhosted.org/packages/fe/72/7b83242b26627a00e3af70d0394d68f8f02750d642567af12983031777fc/ruff-0.13.3-py3-none-win_arm64.whl", hash = "sha256:9e9e9d699841eaf4c2c798fa783df2fabc680b72059a02ca0ed81c460bc58330", size = 12538484, upload-time = "2025-10-02T19:29:28.951Z" },
]

[[package]]
name = "testgen"
version = "0.2.0"
source = { editable = "." }

[package.dev-dependencies]
dev = [
    { name = "ruff" },
    { name = "ty" },
]

[package.metadata]

[package.metadata.requires-dev]
dev = [
    { name = "ruff", specifier = ">=0.13.0" },
    { name = "ty", specifier = ">=0.0.1a21" },
]

[[package]]
name = "ty"
version = "0.0.1a21"
source = { registry = "https://pypi.org/simple" }
sdist = { url = "https://files.pythonhosted.org/packages/b7/0f/65606ccee2da5a05a3c3362f5233f058e9d29d3c5521697c7ae79545d246/ty-0.0.1a21.tar.gz", hash = "sha256:e941e9a9d1e54b03eeaf9c3197c26a19cf76009fd5e41e16e5657c1c827bd6d3", size = 4263980, upload-time = "2025-09-19T06:54:06.412Z" }
wheels = [
    { url = "https://files.pythonhosted.org/packages/d3/7a/c87a42d0a45cfa2d5c06c8d66aa1b243db16dc31b25e545fb0263308523b/ty-0.0.1a21-py3-none-linux_armv6l.whl", hash = "sha256:1f276ceab23a1410aec09508248c76ae0989c67fb7a0c287e0d4564994295531", size = 8421116, upload-time = "2025-09-19T06:53:35.029Z" },
    { url = "https://files.pythonhosted.org/packages/99/c2/721bf4fa21c84d4cdae0e57a06a88e7e64fc2dca38820232bd6cbeef644f/ty-0.0.1a21-py3-none-macosx_10_12_x86_64.whl", hash = "sha256:3c3bc66fcae41eff133cfe326dd65d82567a2fb5d4efe2128773b10ec2766819", size = 8512556, upload-time = "2025-09-19T06:53:37.455Z" },
    { url = "https://files.pythonhosted.org/packages/6c/58/b0585d9d61673e864a87e95760dfa2a90ac15702e7612ab064d354f6752a/ty-0.0.1a21-py3-none-macosx_11_0_arm64.whl", hash = "sha256:cc0880ec344fbdf736b05d8d0da01f0caaaa02409bd9a24b68d18d0127a79b0e", size = 8109188, upload-time = "2025-09-19T06:53:39.469Z" },
    { url = "https://files.pythonhosted.org/packages/ea/08/edf7b59ba24bb1a1af341207fc5a0106eb1fe4264c1d7fb672c171dd2daf/ty-0.0.1a21-py3-none-manylinux_2_17_aarch64.manylinux2014_aarch64.whl", hash = "sha256:334d2a212ebf42a0e55d57561926af7679fe1e878175e11dcb81ad8df892844e", size = 8279000, upload-time = "2025-09-19T06:53:41.309Z" },
    { url = "https://files.pythonhosted.org/packages/05/8e/4b5e562623e0aa24a3972510287b4bc5d98251afb353388d14008ea99954/ty-0.0.1a21-py3-none-manylinux_2_17_armv7l.manylinux2014_armv7l.whl", hash = "sha256:a8c769987d00fbc33054ff7e342633f475ea10dc43bc60fb9fb056159d48cb90", size = 8243261, upload-time = "2025-09-19T06:53:42.736Z" },
    { url = "https://files.pythonhosted.org/packages/c3/09/6476fa21f9962d5b9c8e8053fd0442ed8e3ceb7502e39700ab1935555199/ty-0.0.1a21-py3-none-manylinux_2_17_i686.manylinux2014_i686.whl", hash = "sha256:218d53e7919e885bd98e9196d9cb952d82178b299aa36da6f7f39333eb7400ed", size = 9150228, upload-time = "2025-09-19T06:53:44.242Z" },
    { url = "https://files.pythonhosted.org/packages/d2/96/49c158b6255fc1e22a5701c38f7d4c1b7f8be17a476ce9226fcae82a7b36/ty-0.0.1a21-py3-none-manylinux_2_17_ppc64.manylinux2014_ppc64.whl", hash = "sha256:84243455f295ed850bd53f7089819321807d4e6ee3b1cbff6086137ae0259466", size = 9628323, upload-time = "2025-09-19T06:53:45.998Z" },
    { url = "https://files.pythonhosted.org/packages/f4/65/37a8a5cb7b3254365c54b5e10f069e311c4252ed160b86fabd1203fbca5c/ty-0.0.1a21-py3-none-manylinux_2_17_ppc64le.manylinux2014_ppc64le.whl", hash = "sha256:87a200c21e02962e8a27374d9d152582331d57d709672431be58f4f898bf6cad", size = 9251233, upload-time = "2025-09-19T06:53:48.042Z" },
    { url = "https://files.pythonhosted.org/packages/a3/30/5b06120747da4a0f0bc54a4b051b42172603033dbee0bcf51bce7c21ada9/ty-0.0.1a21-py3-none-manylinux_2_17_s390x.manylinux2014_s390x.whl", hash = "sha256:be8f457d7841b7ead2a3f6b65ba668abc172a1150a0f1f6c0958af3725dbb61a", size = 8996186, upload-time = "2025-09-19T06:53:49.753Z" },
    { url = "https://files.pythonhosted.org/packages/af/fc/5aa122536b1acb57389f404f6328c20342242b78513a60459fee9b7d6f27/ty-0.0.1a21-py3-none-manylinux_2_17_x86_64.manylinux2014_x86_64.whl", hash = "sha256:1474d883129bb63da3b2380fc7ead824cd3baf6a9551e6aa476ffefc58057af3", size = 8722848, upload-time = "2025-09-19T06:53:51.566Z" },
    { url = "https://files.pythonhosted.org/packages/3a/c1/456dcc65a149df8410b1d75f0197a31d4beef74b7bb44cce42b03bf074e8/ty-0.0.1a21-py3-none-musllinux_1_2_aarch64.whl", hash = "sha256:0efba2e52b58f536f4198ba5c4a36cac2ba67d83ec6f429ebc7704233bcda4c3", size = 8220727, upload-time = "2025-09-19T06:53:53.753Z" },
    { url = "https://files.pythonhosted.org/packages/a4/86/b37505d942cd68235be5be407e43e15afa36669aaa2db9b6e5b43c1d9f91/ty-0.0.1a21-py3-none-musllinux_1_2_armv7l.whl", hash = "sha256:5dfc73299d441cc6454e36ed0a976877415024143dfca6592dc36f7701424383", size = 8279114, upload-time = "2025-09-19T06:53:55.343Z" },
    { url = "https://files.pythonhosted.org/packages/55/fe/0d9816f36d258e6b2a3d7518421be17c68954ea9a66b638de49588cc2e27/ty-0.0.1a21-py3-none-musllinux_1_2_i686.whl", hash = "sha256:ba13d03b9e095216ceb4e4d554a308517f28ab0a6e4dcd07cfe94563e4c2c489", size = 8701798, upload-time = "2025-09-19T06:53:57.17Z" },
    { url = "https://files.pythonhosted.org/packages/4e/7a/70539932e3e5a36c54bd5432ff44ed0c301c41a528365d8de5b8f79f4317/ty-0.0.1a21-py3-none-musllinux_1_2_x86_64.whl", hash = "sha256:9463cac96b8f1bb5ba740fe1d42cd6bd152b43c5b159b2f07f8fd629bcdded34", size = 8872676, upload-time = "2025-09-19T06:53:59.357Z" },
    { url = "https://files.pythonhosted.org/packages/ea/94/809d85f6982841fe28526ace3b282b0458d0a96bbc6b1a982d9269a5e481/ty-0.0.1a21-py3-none-win32.whl", hash = "sha256:ecf41706b803827b0de8717f32a434dad1e67be9f4b8caf403e12013179ea06a", size = 8003866, upload-time = "2025-09-19T06:54:01.393Z" },
    { url = "https://files.pythonhosted.org/packages/50/16/b3e914cec2a6344d2c30d3780ca6ecd39667173611f8776cecfd1294eab9/ty-0.0.1a21-py3-none-win_amd64.whl", hash = "sha256:7505aeb8bf2a62f00f12cfa496f6c965074d75c8126268776565284c8a12d5dd", size = 8675300, upload-time = "2025-09-19T06:54:02.893Z" },
    { url = "https://files.pythonhosted.org/packages/16/0b/293be6bc19f6da5e9b15e615a7100504f307dd4294d2c61cee3de91198e5/ty-0.0.1a21-py3-none-win_arm64.whl", hash = "sha256:21f708d02b6588323ffdbfdba38830dd0ecfd626db50aa6006b296b5470e52f9", size = 8193800, upload-time = "2025-09-19T06:54:04.583Z" },
]
